// !$*UTF8*$!
{
	archiveVersion = 1;
	classes = {
	};
	objectVersion = 55;
	objects = {

/* Begin PBXBuildFile section */
		92147F68293F5544003B9694 /* SplashViewController.swift in Sources */ = {isa = PBXBuildFile; fileRef = 92147F67293F5544003B9694 /* SplashViewController.swift */; };
		9215ECFF2926169100261414 /* ProfileViewController.swift in Sources */ = {isa = PBXBuildFile; fileRef = 9215ECFE2926169100261414 /* ProfileViewController.swift */; };
		9215ED012926347B00261414 /* YS Display-Bold.ttf in Resources */ = {isa = PBXBuildFile; fileRef = 9215ED002926347B00261414 /* YS Display-Bold.ttf */; };
		92166F3D29349EE80073E518 /* Constants.swift in Sources */ = {isa = PBXBuildFile; fileRef = 92166F3C29349EE80073E518 /* Constants.swift */; };
		9222D5F1295EE52C00E25122 /* URLSession+Extensions.swift in Sources */ = {isa = PBXBuildFile; fileRef = 9222D5F0295EE52C00E25122 /* URLSession+Extensions.swift */; };
		922591CA295DBE8500FC9611 /* ProfileImageService.swift in Sources */ = {isa = PBXBuildFile; fileRef = 922591C9295DBE8500FC9611 /* ProfileImageService.swift */; };
		922591CC295DBF4B00FC9611 /* ProfileImage.swift in Sources */ = {isa = PBXBuildFile; fileRef = 922591CB295DBF4B00FC9611 /* ProfileImage.swift */; };
		923C7B52292771AA00A19E2D /* SingleImageViewController.swift in Sources */ = {isa = PBXBuildFile; fileRef = 923C7B51292771AA00A19E2D /* SingleImageViewController.swift */; };
		92470BCC295C5B7F00249AB7 /* ProfileService.swift in Sources */ = {isa = PBXBuildFile; fileRef = 92470BCB295C5B7F00249AB7 /* ProfileService.swift */; };
		92470BCE295C5FCA00249AB7 /* Profile.swift in Sources */ = {isa = PBXBuildFile; fileRef = 92470BCD295C5FCA00249AB7 /* Profile.swift */; };
		924780442941C3B000D80A31 /* AuthViewControllerDelegate.swift in Sources */ = {isa = PBXBuildFile; fileRef = 924780432941C3B000D80A31 /* AuthViewControllerDelegate.swift */; };
		925361872938A25100D3DB3F /* WebViewViewControllerDelegate.swift in Sources */ = {isa = PBXBuildFile; fileRef = 925361862938A25100D3DB3F /* WebViewViewControllerDelegate.swift */; };
		9254E26A295C5677002C2356 /* UIBlockingProgressHUD.swift in Sources */ = {isa = PBXBuildFile; fileRef = 9254E269295C5677002C2356 /* UIBlockingProgressHUD.swift */; };
		926391B7293DDF7400CCDE80 /* OAuth2TokenStorage.swift in Sources */ = {isa = PBXBuildFile; fileRef = 926391B6293DDF7400CCDE80 /* OAuth2TokenStorage.swift */; };
		9264E7D82935EDE0000DAE71 /* AuthViewController.swift in Sources */ = {isa = PBXBuildFile; fileRef = 9264E7D72935EDE0000DAE71 /* AuthViewController.swift */; };
		9264E7DC2935FF0F000DAE71 /* WebViewViewController.swift in Sources */ = {isa = PBXBuildFile; fileRef = 9264E7DB2935FF0F000DAE71 /* WebViewViewController.swift */; };
		927197B3293BCA7E0026DA38 /* OAuthTokenResponseBody.swift in Sources */ = {isa = PBXBuildFile; fileRef = 927197B2293BCA7E0026DA38 /* OAuthTokenResponseBody.swift */; };
		927197B6293BCC360026DA38 /* OAuth2Service.swift in Sources */ = {isa = PBXBuildFile; fileRef = 927197B5293BCC360026DA38 /* OAuth2Service.swift */; };
		9286AAAB296051E10029A921 /* Kingfisher in Frameworks */ = {isa = PBXBuildFile; productRef = 9286AAAA296051E10029A921 /* Kingfisher */; };
		9298FB7229602E3D00EA7566 /* ErrorAlertPresenter.swift in Sources */ = {isa = PBXBuildFile; fileRef = 9298FB7129602E3D00EA7566 /* ErrorAlertPresenter.swift */; };
		9299E15529473C760008DF19 /* ProgressHUD in Frameworks */ = {isa = PBXBuildFile; productRef = 9299E15429473C760008DF19 /* ProgressHUD */; };
		92BACC742960827C00AAF069 /* SwiftKeychainWrapper in Frameworks */ = {isa = PBXBuildFile; productRef = 92BACC732960827C00AAF069 /* SwiftKeychainWrapper */; };
		92E8B67B2922305400170888 /* ImagesListViewController.swift in Sources */ = {isa = PBXBuildFile; fileRef = 92E8B66B2922305400170888 /* ImagesListViewController.swift */; };
		92E8B67C2922305400170888 /* ImagesListCell.swift in Sources */ = {isa = PBXBuildFile; fileRef = 92E8B66C2922305400170888 /* ImagesListCell.swift */; };
		92E8B67D2922305400170888 /* YS Display Regular.ttf in Resources */ = {isa = PBXBuildFile; fileRef = 92E8B66F2922305400170888 /* YS Display Regular.ttf */; };
		92E8B67E2922305400170888 /* Assets.xcassets in Resources */ = {isa = PBXBuildFile; fileRef = 92E8B6702922305400170888 /* Assets.xcassets */; };
		92E8B67F2922305400170888 /* LaunchScreen.storyboard in Resources */ = {isa = PBXBuildFile; fileRef = 92E8B6712922305400170888 /* LaunchScreen.storyboard */; };
		92E8B6802922305400170888 /* Main.storyboard in Resources */ = {isa = PBXBuildFile; fileRef = 92E8B6732922305400170888 /* Main.storyboard */; };
		92E8B6812922305400170888 /* AppDelegate.swift in Sources */ = {isa = PBXBuildFile; fileRef = 92E8B6752922305400170888 /* AppDelegate.swift */; };
		92E8B6822922305400170888 /* UIView+Extensions.swift in Sources */ = {isa = PBXBuildFile; fileRef = 92E8B6772922305400170888 /* UIView+Extensions.swift */; };
		92E8B6832922305400170888 /* UIColor+Extensions.swift in Sources */ = {isa = PBXBuildFile; fileRef = 92E8B6782922305400170888 /* UIColor+Extensions.swift */; };
		92E8B6852922305400170888 /* SceneDelegate.swift in Sources */ = {isa = PBXBuildFile; fileRef = 92E8B67A2922305400170888 /* SceneDelegate.swift */; };
/* End PBXBuildFile section */

/* Begin PBXFileReference section */
		92147F67293F5544003B9694 /* SplashViewController.swift */ = {isa = PBXFileReference; lastKnownFileType = sourcecode.swift; path = SplashViewController.swift; sourceTree = "<group>"; };
		9215ECFE2926169100261414 /* ProfileViewController.swift */ = {isa = PBXFileReference; lastKnownFileType = sourcecode.swift; path = ProfileViewController.swift; sourceTree = "<group>"; };
		9215ED002926347B00261414 /* YS Display-Bold.ttf */ = {isa = PBXFileReference; lastKnownFileType = file; path = "YS Display-Bold.ttf"; sourceTree = "<group>"; };
		92166F3C29349EE80073E518 /* Constants.swift */ = {isa = PBXFileReference; lastKnownFileType = sourcecode.swift; path = Constants.swift; sourceTree = "<group>"; };
		9222D5F0295EE52C00E25122 /* URLSession+Extensions.swift */ = {isa = PBXFileReference; lastKnownFileType = sourcecode.swift; path = "URLSession+Extensions.swift"; sourceTree = "<group>"; };
		922591C9295DBE8500FC9611 /* ProfileImageService.swift */ = {isa = PBXFileReference; lastKnownFileType = sourcecode.swift; path = ProfileImageService.swift; sourceTree = "<group>"; };
		922591CB295DBF4B00FC9611 /* ProfileImage.swift */ = {isa = PBXFileReference; lastKnownFileType = sourcecode.swift; path = ProfileImage.swift; sourceTree = "<group>"; };
		923C7B51292771AA00A19E2D /* SingleImageViewController.swift */ = {isa = PBXFileReference; lastKnownFileType = sourcecode.swift; path = SingleImageViewController.swift; sourceTree = "<group>"; };
		92470BCB295C5B7F00249AB7 /* ProfileService.swift */ = {isa = PBXFileReference; lastKnownFileType = sourcecode.swift; path = ProfileService.swift; sourceTree = "<group>"; };
		92470BCD295C5FCA00249AB7 /* Profile.swift */ = {isa = PBXFileReference; lastKnownFileType = sourcecode.swift; path = Profile.swift; sourceTree = "<group>"; };
		924780432941C3B000D80A31 /* AuthViewControllerDelegate.swift */ = {isa = PBXFileReference; lastKnownFileType = sourcecode.swift; path = AuthViewControllerDelegate.swift; sourceTree = "<group>"; };
		925361862938A25100D3DB3F /* WebViewViewControllerDelegate.swift */ = {isa = PBXFileReference; lastKnownFileType = sourcecode.swift; path = WebViewViewControllerDelegate.swift; sourceTree = "<group>"; };
		9254E269295C5677002C2356 /* UIBlockingProgressHUD.swift */ = {isa = PBXFileReference; lastKnownFileType = sourcecode.swift; path = UIBlockingProgressHUD.swift; sourceTree = "<group>"; };
		926391B6293DDF7400CCDE80 /* OAuth2TokenStorage.swift */ = {isa = PBXFileReference; lastKnownFileType = sourcecode.swift; path = OAuth2TokenStorage.swift; sourceTree = "<group>"; };
		9264E7D72935EDE0000DAE71 /* AuthViewController.swift */ = {isa = PBXFileReference; lastKnownFileType = sourcecode.swift; path = AuthViewController.swift; sourceTree = "<group>"; };
		9264E7DB2935FF0F000DAE71 /* WebViewViewController.swift */ = {isa = PBXFileReference; lastKnownFileType = sourcecode.swift; path = WebViewViewController.swift; sourceTree = "<group>"; };
		926EEC4F290A7E1F003DC2E1 /* ImageFeed.app */ = {isa = PBXFileReference; explicitFileType = wrapper.application; includeInIndex = 0; path = ImageFeed.app; sourceTree = BUILT_PRODUCTS_DIR; };
		927197B2293BCA7E0026DA38 /* OAuthTokenResponseBody.swift */ = {isa = PBXFileReference; lastKnownFileType = sourcecode.swift; path = OAuthTokenResponseBody.swift; sourceTree = "<group>"; };
		927197B5293BCC360026DA38 /* OAuth2Service.swift */ = {isa = PBXFileReference; lastKnownFileType = sourcecode.swift; path = OAuth2Service.swift; sourceTree = "<group>"; };
		9298FB7129602E3D00EA7566 /* ErrorAlertPresenter.swift */ = {isa = PBXFileReference; lastKnownFileType = sourcecode.swift; path = ErrorAlertPresenter.swift; sourceTree = "<group>"; };
		92E8B66B2922305400170888 /* ImagesListViewController.swift */ = {isa = PBXFileReference; fileEncoding = 4; lastKnownFileType = sourcecode.swift; path = ImagesListViewController.swift; sourceTree = "<group>"; };
		92E8B66C2922305400170888 /* ImagesListCell.swift */ = {isa = PBXFileReference; fileEncoding = 4; lastKnownFileType = sourcecode.swift; path = ImagesListCell.swift; sourceTree = "<group>"; };
		92E8B66F2922305400170888 /* YS Display Regular.ttf */ = {isa = PBXFileReference; lastKnownFileType = file; path = "YS Display Regular.ttf"; sourceTree = "<group>"; };
		92E8B6702922305400170888 /* Assets.xcassets */ = {isa = PBXFileReference; lastKnownFileType = folder.assetcatalog; path = Assets.xcassets; sourceTree = "<group>"; };
		92E8B6722922305400170888 /* Base */ = {isa = PBXFileReference; lastKnownFileType = file.storyboard; name = Base; path = Base.lproj/LaunchScreen.storyboard; sourceTree = "<group>"; };
		92E8B6742922305400170888 /* Base */ = {isa = PBXFileReference; lastKnownFileType = file.storyboard; name = Base; path = Base.lproj/Main.storyboard; sourceTree = "<group>"; };
		92E8B6752922305400170888 /* AppDelegate.swift */ = {isa = PBXFileReference; fileEncoding = 4; lastKnownFileType = sourcecode.swift; path = AppDelegate.swift; sourceTree = "<group>"; };
		92E8B6772922305400170888 /* UIView+Extensions.swift */ = {isa = PBXFileReference; fileEncoding = 4; lastKnownFileType = sourcecode.swift; path = "UIView+Extensions.swift"; sourceTree = "<group>"; };
		92E8B6782922305400170888 /* UIColor+Extensions.swift */ = {isa = PBXFileReference; fileEncoding = 4; lastKnownFileType = sourcecode.swift; path = "UIColor+Extensions.swift"; sourceTree = "<group>"; };
		92E8B6792922305400170888 /* Info.plist */ = {isa = PBXFileReference; fileEncoding = 4; lastKnownFileType = text.plist.xml; path = Info.plist; sourceTree = "<group>"; };
		92E8B67A2922305400170888 /* SceneDelegate.swift */ = {isa = PBXFileReference; fileEncoding = 4; lastKnownFileType = sourcecode.swift; path = SceneDelegate.swift; sourceTree = "<group>"; };
/* End PBXFileReference section */

/* Begin PBXFrameworksBuildPhase section */
		926EEC4C290A7E1F003DC2E1 /* Frameworks */ = {
			isa = PBXFrameworksBuildPhase;
			buildActionMask = 2147483647;
			files = (
				9286AAAB296051E10029A921 /* Kingfisher in Frameworks */,
				9299E15529473C760008DF19 /* ProgressHUD in Frameworks */,
				92BACC742960827C00AAF069 /* SwiftKeychainWrapper in Frameworks */,
			);
			runOnlyForDeploymentPostprocessing = 0;
		};
/* End PBXFrameworksBuildPhase section */

/* Begin PBXGroup section */
		9215ECFD2926165E00261414 /* Profile */ = {
			isa = PBXGroup;
			children = (
				9215ECFE2926169100261414 /* ProfileViewController.swift */,
			);
			path = Profile;
			sourceTree = "<group>";
		};
		923C7B502927718600A19E2D /* SingleImage */ = {
			isa = PBXGroup;
			children = (
				923C7B51292771AA00A19E2D /* SingleImageViewController.swift */,
			);
			path = SingleImage;
			sourceTree = "<group>";
		};
		9264E7D62935EDC1000DAE71 /* Authorization */ = {
			isa = PBXGroup;
			children = (
				9264E7D72935EDE0000DAE71 /* AuthViewController.swift */,
				924780432941C3B000D80A31 /* AuthViewControllerDelegate.swift */,
				9264E7DB2935FF0F000DAE71 /* WebViewViewController.swift */,
				925361862938A25100D3DB3F /* WebViewViewControllerDelegate.swift */,
			);
			path = Authorization;
			sourceTree = "<group>";
		};
		926EEC46290A7E1F003DC2E1 = {
			isa = PBXGroup;
			children = (
				92E8B6692922305400170888 /* ImageFeed */,
				926EEC50290A7E1F003DC2E1 /* Products */,
			);
			sourceTree = "<group>";
		};
		926EEC50290A7E1F003DC2E1 /* Products */ = {
			isa = PBXGroup;
			children = (
				926EEC4F290A7E1F003DC2E1 /* ImageFeed.app */,
			);
			name = Products;
			sourceTree = "<group>";
		};
		927197B1293BCA5C0026DA38 /* Models */ = {
			isa = PBXGroup;
			children = (
				92470BCD295C5FCA00249AB7 /* Profile.swift */,
				922591CB295DBF4B00FC9611 /* ProfileImage.swift */,
				927197B2293BCA7E0026DA38 /* OAuthTokenResponseBody.swift */,
			);
			path = Models;
			sourceTree = "<group>";
		};
		927197B4293BCC0C0026DA38 /* Services */ = {
			isa = PBXGroup;
			children = (
				92470BCB295C5B7F00249AB7 /* ProfileService.swift */,
				927197B5293BCC360026DA38 /* OAuth2Service.swift */,
				922591C9295DBE8500FC9611 /* ProfileImageService.swift */,
				926391B6293DDF7400CCDE80 /* OAuth2TokenStorage.swift */,
				9254E269295C5677002C2356 /* UIBlockingProgressHUD.swift */,
				9298FB7129602E3D00EA7566 /* ErrorAlertPresenter.swift */,
			);
			path = Services;
			sourceTree = "<group>";
		};
		92E8B6692922305400170888 /* ImageFeed */ = {
			isa = PBXGroup;
			children = (
				9264E7D62935EDC1000DAE71 /* Authorization */,
				92E8B66A2922305400170888 /* ImagesList */,
				9215ECFD2926165E00261414 /* Profile */,
				923C7B502927718600A19E2D /* SingleImage */,
				927197B1293BCA5C0026DA38 /* Models */,
				927197B4293BCC0C0026DA38 /* Services */,
				92E8B6762922305400170888 /* Helpers */,
				92E8B66D2922305400170888 /* Resources */,
				92E8B6752922305400170888 /* AppDelegate.swift */,
				92E8B67A2922305400170888 /* SceneDelegate.swift */,
				92147F67293F5544003B9694 /* SplashViewController.swift */,
				92E8B6732922305400170888 /* Main.storyboard */,
				92E8B6712922305400170888 /* LaunchScreen.storyboard */,
				92E8B6702922305400170888 /* Assets.xcassets */,
				92E8B6792922305400170888 /* Info.plist */,
			);
			path = ImageFeed;
			sourceTree = "<group>";
		};
		92E8B66A2922305400170888 /* ImagesList */ = {
			isa = PBXGroup;
			children = (
				92E8B66B2922305400170888 /* ImagesListViewController.swift */,
				92E8B66C2922305400170888 /* ImagesListCell.swift */,
			);
			path = ImagesList;
			sourceTree = "<group>";
		};
		92E8B66D2922305400170888 /* Resources */ = {
			isa = PBXGroup;
			children = (
				92E8B66E2922305400170888 /* Fonts */,
				92166F3C29349EE80073E518 /* Constants.swift */,
			);
			path = Resources;
			sourceTree = "<group>";
		};
		92E8B66E2922305400170888 /* Fonts */ = {
			isa = PBXGroup;
			children = (
				9215ED002926347B00261414 /* YS Display-Bold.ttf */,
				92E8B66F2922305400170888 /* YS Display Regular.ttf */,
			);
			path = Fonts;
			sourceTree = "<group>";
		};
		92E8B6762922305400170888 /* Helpers */ = {
			isa = PBXGroup;
			children = (
				92E8B6772922305400170888 /* UIView+Extensions.swift */,
				92E8B6782922305400170888 /* UIColor+Extensions.swift */,
				9222D5F0295EE52C00E25122 /* URLSession+Extensions.swift */,
			);
			path = Helpers;
			sourceTree = "<group>";
		};
/* End PBXGroup section */

/* Begin PBXNativeTarget section */
		926EEC4E290A7E1F003DC2E1 /* ImageFeed */ = {
			isa = PBXNativeTarget;
			buildConfigurationList = 926EEC63290A7E21003DC2E1 /* Build configuration list for PBXNativeTarget "ImageFeed" */;
			buildPhases = (
				926EEC4B290A7E1F003DC2E1 /* Sources */,
				926EEC4C290A7E1F003DC2E1 /* Frameworks */,
				926EEC4D290A7E1F003DC2E1 /* Resources */,
			);
			buildRules = (
			);
			dependencies = (
			);
			name = ImageFeed;
			packageProductDependencies = (
				9299E15429473C760008DF19 /* ProgressHUD */,
				9286AAAA296051E10029A921 /* Kingfisher */,
				92BACC732960827C00AAF069 /* SwiftKeychainWrapper */,
			);
			productName = ImageFeed;
			productReference = 926EEC4F290A7E1F003DC2E1 /* ImageFeed.app */;
			productType = "com.apple.product-type.application";
		};
/* End PBXNativeTarget section */

/* Begin PBXProject section */
		926EEC47290A7E1F003DC2E1 /* Project object */ = {
			isa = PBXProject;
			attributes = {
				BuildIndependentTargetsInParallel = 1;
				LastSwiftUpdateCheck = 1340;
				LastUpgradeCheck = 1340;
				TargetAttributes = {
					926EEC4E290A7E1F003DC2E1 = {
						CreatedOnToolsVersion = 13.4.1;
					};
				};
			};
			buildConfigurationList = 926EEC4A290A7E1F003DC2E1 /* Build configuration list for PBXProject "ImageFeed" */;
			compatibilityVersion = "Xcode 13.0";
			developmentRegion = en;
			hasScannedForEncodings = 0;
			knownRegions = (
				en,
				Base,
			);
			mainGroup = 926EEC46290A7E1F003DC2E1;
			packageReferences = (
				9299E15329473C760008DF19 /* XCRemoteSwiftPackageReference "ProgressHUD" */,
				9286AAA9296051E10029A921 /* XCRemoteSwiftPackageReference "Kingfisher" */,
				92BACC722960827C00AAF069 /* XCRemoteSwiftPackageReference "SwiftKeychainWrapper" */,
			);
			productRefGroup = 926EEC50290A7E1F003DC2E1 /* Products */;
			projectDirPath = "";
			projectRoot = "";
			targets = (
				926EEC4E290A7E1F003DC2E1 /* ImageFeed */,
			);
		};
/* End PBXProject section */

/* Begin PBXResourcesBuildPhase section */
		926EEC4D290A7E1F003DC2E1 /* Resources */ = {
			isa = PBXResourcesBuildPhase;
			buildActionMask = 2147483647;
			files = (
				92E8B67F2922305400170888 /* LaunchScreen.storyboard in Resources */,
				92E8B67E2922305400170888 /* Assets.xcassets in Resources */,
				9215ED012926347B00261414 /* YS Display-Bold.ttf in Resources */,
				92E8B67D2922305400170888 /* YS Display Regular.ttf in Resources */,
				92E8B6802922305400170888 /* Main.storyboard in Resources */,
			);
			runOnlyForDeploymentPostprocessing = 0;
		};
/* End PBXResourcesBuildPhase section */

/* Begin PBXSourcesBuildPhase section */
		926EEC4B290A7E1F003DC2E1 /* Sources */ = {
			isa = PBXSourcesBuildPhase;
			buildActionMask = 2147483647;
			files = (
				92E8B6812922305400170888 /* AppDelegate.swift in Sources */,
				92E8B6832922305400170888 /* UIColor+Extensions.swift in Sources */,
				9264E7D82935EDE0000DAE71 /* AuthViewController.swift in Sources */,
				92E8B67B2922305400170888 /* ImagesListViewController.swift in Sources */,
				9264E7DC2935FF0F000DAE71 /* WebViewViewController.swift in Sources */,
				927197B3293BCA7E0026DA38 /* OAuthTokenResponseBody.swift in Sources */,
				927197B6293BCC360026DA38 /* OAuth2Service.swift in Sources */,
				92E8B6822922305400170888 /* UIView+Extensions.swift in Sources */,
				9215ECFF2926169100261414 /* ProfileViewController.swift in Sources */,
				92470BCC295C5B7F00249AB7 /* ProfileService.swift in Sources */,
				92470BCE295C5FCA00249AB7 /* Profile.swift in Sources */,
				9254E26A295C5677002C2356 /* UIBlockingProgressHUD.swift in Sources */,
				92E8B67C2922305400170888 /* ImagesListCell.swift in Sources */,
				9222D5F1295EE52C00E25122 /* URLSession+Extensions.swift in Sources */,
				9298FB7229602E3D00EA7566 /* ErrorAlertPresenter.swift in Sources */,
				923C7B52292771AA00A19E2D /* SingleImageViewController.swift in Sources */,
				926391B7293DDF7400CCDE80 /* OAuth2TokenStorage.swift in Sources */,
				922591CA295DBE8500FC9611 /* ProfileImageService.swift in Sources */,
				925361872938A25100D3DB3F /* WebViewViewControllerDelegate.swift in Sources */,
				924780442941C3B000D80A31 /* AuthViewControllerDelegate.swift in Sources */,
				92E8B6852922305400170888 /* SceneDelegate.swift in Sources */,
				922591CC295DBF4B00FC9611 /* ProfileImage.swift in Sources */,
				92166F3D29349EE80073E518 /* Constants.swift in Sources */,
				92147F68293F5544003B9694 /* SplashViewController.swift in Sources */,
			);
			runOnlyForDeploymentPostprocessing = 0;
		};
/* End PBXSourcesBuildPhase section */

/* Begin PBXVariantGroup section */
		92E8B6712922305400170888 /* LaunchScreen.storyboard */ = {
			isa = PBXVariantGroup;
			children = (
				92E8B6722922305400170888 /* Base */,
			);
			name = LaunchScreen.storyboard;
			sourceTree = "<group>";
		};
		92E8B6732922305400170888 /* Main.storyboard */ = {
			isa = PBXVariantGroup;
			children = (
				92E8B6742922305400170888 /* Base */,
			);
			name = Main.storyboard;
			sourceTree = "<group>";
		};
/* End PBXVariantGroup section */

/* Begin XCBuildConfiguration section */
		926EEC61290A7E21003DC2E1 /* Debug */ = {
			isa = XCBuildConfiguration;
			buildSettings = {
				ALWAYS_SEARCH_USER_PATHS = NO;
				CLANG_ANALYZER_NONNULL = YES;
				CLANG_ANALYZER_NUMBER_OBJECT_CONVERSION = YES_AGGRESSIVE;
				CLANG_CXX_LANGUAGE_STANDARD = "gnu++17";
				CLANG_ENABLE_MODULES = YES;
				CLANG_ENABLE_OBJC_ARC = YES;
				CLANG_ENABLE_OBJC_WEAK = YES;
				CLANG_WARN_BLOCK_CAPTURE_AUTORELEASING = YES;
				CLANG_WARN_BOOL_CONVERSION = YES;
				CLANG_WARN_COMMA = YES;
				CLANG_WARN_CONSTANT_CONVERSION = YES;
				CLANG_WARN_DEPRECATED_OBJC_IMPLEMENTATIONS = YES;
				CLANG_WARN_DIRECT_OBJC_ISA_USAGE = YES_ERROR;
				CLANG_WARN_DOCUMENTATION_COMMENTS = YES;
				CLANG_WARN_EMPTY_BODY = YES;
				CLANG_WARN_ENUM_CONVERSION = YES;
				CLANG_WARN_INFINITE_RECURSION = YES;
				CLANG_WARN_INT_CONVERSION = YES;
				CLANG_WARN_NON_LITERAL_NULL_CONVERSION = YES;
				CLANG_WARN_OBJC_IMPLICIT_RETAIN_SELF = YES;
				CLANG_WARN_OBJC_LITERAL_CONVERSION = YES;
				CLANG_WARN_OBJC_ROOT_CLASS = YES_ERROR;
				CLANG_WARN_QUOTED_INCLUDE_IN_FRAMEWORK_HEADER = YES;
				CLANG_WARN_RANGE_LOOP_ANALYSIS = YES;
				CLANG_WARN_STRICT_PROTOTYPES = YES;
				CLANG_WARN_SUSPICIOUS_MOVE = YES;
				CLANG_WARN_UNGUARDED_AVAILABILITY = YES_AGGRESSIVE;
				CLANG_WARN_UNREACHABLE_CODE = YES;
				CLANG_WARN__DUPLICATE_METHOD_MATCH = YES;
				COPY_PHASE_STRIP = NO;
				DEBUG_INFORMATION_FORMAT = dwarf;
				ENABLE_STRICT_OBJC_MSGSEND = YES;
				ENABLE_TESTABILITY = YES;
				GCC_C_LANGUAGE_STANDARD = gnu11;
				GCC_DYNAMIC_NO_PIC = NO;
				GCC_NO_COMMON_BLOCKS = YES;
				GCC_OPTIMIZATION_LEVEL = 0;
				GCC_PREPROCESSOR_DEFINITIONS = (
					"DEBUG=1",
					"$(inherited)",
				);
				GCC_WARN_64_TO_32_BIT_CONVERSION = YES;
				GCC_WARN_ABOUT_RETURN_TYPE = YES_ERROR;
				GCC_WARN_UNDECLARED_SELECTOR = YES;
				GCC_WARN_UNINITIALIZED_AUTOS = YES_AGGRESSIVE;
				GCC_WARN_UNUSED_FUNCTION = YES;
				GCC_WARN_UNUSED_VARIABLE = YES;
				IPHONEOS_DEPLOYMENT_TARGET = 13.0;
				MTL_ENABLE_DEBUG_INFO = INCLUDE_SOURCE;
				MTL_FAST_MATH = YES;
				ONLY_ACTIVE_ARCH = YES;
				SDKROOT = iphoneos;
				SWIFT_ACTIVE_COMPILATION_CONDITIONS = DEBUG;
				SWIFT_OPTIMIZATION_LEVEL = "-Onone";
			};
			name = Debug;
		};
		926EEC62290A7E21003DC2E1 /* Release */ = {
			isa = XCBuildConfiguration;
			buildSettings = {
				ALWAYS_SEARCH_USER_PATHS = NO;
				CLANG_ANALYZER_NONNULL = YES;
				CLANG_ANALYZER_NUMBER_OBJECT_CONVERSION = YES_AGGRESSIVE;
				CLANG_CXX_LANGUAGE_STANDARD = "gnu++17";
				CLANG_ENABLE_MODULES = YES;
				CLANG_ENABLE_OBJC_ARC = YES;
				CLANG_ENABLE_OBJC_WEAK = YES;
				CLANG_WARN_BLOCK_CAPTURE_AUTORELEASING = YES;
				CLANG_WARN_BOOL_CONVERSION = YES;
				CLANG_WARN_COMMA = YES;
				CLANG_WARN_CONSTANT_CONVERSION = YES;
				CLANG_WARN_DEPRECATED_OBJC_IMPLEMENTATIONS = YES;
				CLANG_WARN_DIRECT_OBJC_ISA_USAGE = YES_ERROR;
				CLANG_WARN_DOCUMENTATION_COMMENTS = YES;
				CLANG_WARN_EMPTY_BODY = YES;
				CLANG_WARN_ENUM_CONVERSION = YES;
				CLANG_WARN_INFINITE_RECURSION = YES;
				CLANG_WARN_INT_CONVERSION = YES;
				CLANG_WARN_NON_LITERAL_NULL_CONVERSION = YES;
				CLANG_WARN_OBJC_IMPLICIT_RETAIN_SELF = YES;
				CLANG_WARN_OBJC_LITERAL_CONVERSION = YES;
				CLANG_WARN_OBJC_ROOT_CLASS = YES_ERROR;
				CLANG_WARN_QUOTED_INCLUDE_IN_FRAMEWORK_HEADER = YES;
				CLANG_WARN_RANGE_LOOP_ANALYSIS = YES;
				CLANG_WARN_STRICT_PROTOTYPES = YES;
				CLANG_WARN_SUSPICIOUS_MOVE = YES;
				CLANG_WARN_UNGUARDED_AVAILABILITY = YES_AGGRESSIVE;
				CLANG_WARN_UNREACHABLE_CODE = YES;
				CLANG_WARN__DUPLICATE_METHOD_MATCH = YES;
				COPY_PHASE_STRIP = NO;
				DEBUG_INFORMATION_FORMAT = "dwarf-with-dsym";
				ENABLE_NS_ASSERTIONS = NO;
				ENABLE_STRICT_OBJC_MSGSEND = YES;
				GCC_C_LANGUAGE_STANDARD = gnu11;
				GCC_NO_COMMON_BLOCKS = YES;
				GCC_WARN_64_TO_32_BIT_CONVERSION = YES;
				GCC_WARN_ABOUT_RETURN_TYPE = YES_ERROR;
				GCC_WARN_UNDECLARED_SELECTOR = YES;
				GCC_WARN_UNINITIALIZED_AUTOS = YES_AGGRESSIVE;
				GCC_WARN_UNUSED_FUNCTION = YES;
				GCC_WARN_UNUSED_VARIABLE = YES;
				IPHONEOS_DEPLOYMENT_TARGET = 13.0;
				MTL_ENABLE_DEBUG_INFO = NO;
				MTL_FAST_MATH = YES;
				SDKROOT = iphoneos;
				SWIFT_COMPILATION_MODE = wholemodule;
				SWIFT_OPTIMIZATION_LEVEL = "-O";
				VALIDATE_PRODUCT = YES;
			};
			name = Release;
		};
		926EEC64290A7E21003DC2E1 /* Debug */ = {
			isa = XCBuildConfiguration;
			buildSettings = {
				ASSETCATALOG_COMPILER_APPICON_NAME = AppIcon;
				ASSETCATALOG_COMPILER_GLOBAL_ACCENT_COLOR_NAME = AccentColor;
				CODE_SIGN_STYLE = Automatic;
				CURRENT_PROJECT_VERSION = 1;
				DEVELOPMENT_TEAM = JL5AZQCU9T;
				GENERATE_INFOPLIST_FILE = YES;
				INFOPLIST_FILE = ImageFeed/Info.plist;
				INFOPLIST_KEY_UIApplicationSupportsIndirectInputEvents = YES;
				INFOPLIST_KEY_UILaunchStoryboardName = LaunchScreen;
				INFOPLIST_KEY_UIMainStoryboardFile = Main;
				INFOPLIST_KEY_UISupportedInterfaceOrientations = UIInterfaceOrientationPortrait;
				INFOPLIST_KEY_UISupportedInterfaceOrientations_iPad = "UIInterfaceOrientationPortrait UIInterfaceOrientationPortraitUpsideDown UIInterfaceOrientationLandscapeLeft UIInterfaceOrientationLandscapeRight";
				INFOPLIST_KEY_UISupportedInterfaceOrientations_iPhone = UIInterfaceOrientationPortrait;
				IPHONEOS_DEPLOYMENT_TARGET = 13.0;
				LD_RUNPATH_SEARCH_PATHS = (
					"$(inherited)",
					"@executable_path/Frameworks",
				);
				MARKETING_VERSION = 1.0;
				PRODUCT_BUNDLE_IDENTIFIER = dev.demidengo.ImageFeed;
				PRODUCT_NAME = "$(TARGET_NAME)";
				SWIFT_EMIT_LOC_STRINGS = YES;
				SWIFT_VERSION = 5.0;
				TARGETED_DEVICE_FAMILY = 1;
			};
			name = Debug;
		};
		926EEC65290A7E21003DC2E1 /* Release */ = {
			isa = XCBuildConfiguration;
			buildSettings = {
				ASSETCATALOG_COMPILER_APPICON_NAME = AppIcon;
				ASSETCATALOG_COMPILER_GLOBAL_ACCENT_COLOR_NAME = AccentColor;
				CODE_SIGN_STYLE = Automatic;
				CURRENT_PROJECT_VERSION = 1;
				DEVELOPMENT_TEAM = JL5AZQCU9T;
				GENERATE_INFOPLIST_FILE = YES;
				INFOPLIST_FILE = ImageFeed/Info.plist;
				INFOPLIST_KEY_UIApplicationSupportsIndirectInputEvents = YES;
				INFOPLIST_KEY_UILaunchStoryboardName = LaunchScreen;
				INFOPLIST_KEY_UIMainStoryboardFile = Main;
				INFOPLIST_KEY_UISupportedInterfaceOrientations = UIInterfaceOrientationPortrait;
				INFOPLIST_KEY_UISupportedInterfaceOrientations_iPad = "UIInterfaceOrientationPortrait UIInterfaceOrientationPortraitUpsideDown UIInterfaceOrientationLandscapeLeft UIInterfaceOrientationLandscapeRight";
				INFOPLIST_KEY_UISupportedInterfaceOrientations_iPhone = UIInterfaceOrientationPortrait;
				IPHONEOS_DEPLOYMENT_TARGET = 13.0;
				LD_RUNPATH_SEARCH_PATHS = (
					"$(inherited)",
					"@executable_path/Frameworks",
				);
				MARKETING_VERSION = 1.0;
				PRODUCT_BUNDLE_IDENTIFIER = dev.demidengo.ImageFeed;
				PRODUCT_NAME = "$(TARGET_NAME)";
				SWIFT_EMIT_LOC_STRINGS = YES;
				SWIFT_VERSION = 5.0;
				TARGETED_DEVICE_FAMILY = 1;
			};
			name = Release;
		};
/* End XCBuildConfiguration section */

/* Begin XCConfigurationList section */
		926EEC4A290A7E1F003DC2E1 /* Build configuration list for PBXProject "ImageFeed" */ = {
			isa = XCConfigurationList;
			buildConfigurations = (
				926EEC61290A7E21003DC2E1 /* Debug */,
				926EEC62290A7E21003DC2E1 /* Release */,
			);
			defaultConfigurationIsVisible = 0;
			defaultConfigurationName = Release;
		};
		926EEC63290A7E21003DC2E1 /* Build configuration list for PBXNativeTarget "ImageFeed" */ = {
			isa = XCConfigurationList;
			buildConfigurations = (
				926EEC64290A7E21003DC2E1 /* Debug */,
				926EEC65290A7E21003DC2E1 /* Release */,
			);
			defaultConfigurationIsVisible = 0;
			defaultConfigurationName = Release;
		};
/* End XCConfigurationList section */

/* Begin XCRemoteSwiftPackageReference section */
		9286AAA9296051E10029A921 /* XCRemoteSwiftPackageReference "Kingfisher" */ = {
			isa = XCRemoteSwiftPackageReference;
			repositoryURL = "https://github.com/onevcat/Kingfisher.git";
			requirement = {
				kind = exactVersion;
				version = 7.4.1;
			};
		};
		9299E15329473C760008DF19 /* XCRemoteSwiftPackageReference "ProgressHUD" */ = {
			isa = XCRemoteSwiftPackageReference;
			repositoryURL = "https://github.com/relatedcode/ProgressHUD";
			requirement = {
				kind = exactVersion;
				version = 13.6.1;
			};
		};
		92BACC722960827C00AAF069 /* XCRemoteSwiftPackageReference "SwiftKeychainWrapper" */ = {
			isa = XCRemoteSwiftPackageReference;
			repositoryURL = "https://github.com/jrendel/SwiftKeychainWrapper.git";
			requirement = {
				kind = exactVersion;
				version = 4.0.1;
			};
		};
/* End XCRemoteSwiftPackageReference section */

/* Begin XCSwiftPackageProductDependency section */
		9286AAAA296051E10029A921 /* Kingfisher */ = {
			isa = XCSwiftPackageProductDependency;
			package = 9286AAA9296051E10029A921 /* XCRemoteSwiftPackageReference "Kingfisher" */;
			productName = Kingfisher;
		};
		9299E15429473C760008DF19 /* ProgressHUD */ = {
			isa = XCSwiftPackageProductDependency;
			package = 9299E15329473C760008DF19 /* XCRemoteSwiftPackageReference "ProgressHUD" */;
			productName = ProgressHUD;
		};
		92BACC732960827C00AAF069 /* SwiftKeychainWrapper */ = {
			isa = XCSwiftPackageProductDependency;
			package = 92BACC722960827C00AAF069 /* XCRemoteSwiftPackageReference "SwiftKeychainWrapper" */;
			productName = SwiftKeychainWrapper;
		};
/* End XCSwiftPackageProductDependency section */
	};
	rootObject = 926EEC47290A7E1F003DC2E1 /* Project object */;
}
